// !$*UTF8*$!
{
	archiveVersion = 1;
	classes = {
	};
	objectVersion = 55;
	objects = {

/* Begin PBXBuildFile section */
		B729931628945E4B00EB3EC0 /* LoginUseCase.swift in Sources */ = {isa = PBXBuildFile; fileRef = B729931528945E4B00EB3EC0 /* LoginUseCase.swift */; };
		B7299318289461FC00EB3EC0 /* ListProductsUseCase.swift in Sources */ = {isa = PBXBuildFile; fileRef = B7299317289461FC00EB3EC0 /* ListProductsUseCase.swift */; };
		B729931A2894637900EB3EC0 /* AddToCartUseCase.swift in Sources */ = {isa = PBXBuildFile; fileRef = B72993192894637900EB3EC0 /* AddToCartUseCase.swift */; };
		B773049A2892E40D00F0F3F5 /* User.swift in Sources */ = {isa = PBXBuildFile; fileRef = B77304992892E40D00F0F3F5 /* User.swift */; };
		B773049C2892E77F00F0F3F5 /* Customer.swift in Sources */ = {isa = PBXBuildFile; fileRef = B773049B2892E77F00F0F3F5 /* Customer.swift */; };
		B773049E2892E9D300F0F3F5 /* Product.swift in Sources */ = {isa = PBXBuildFile; fileRef = B773049D2892E9D300F0F3F5 /* Product.swift */; };
		B77304A02892EABF00F0F3F5 /* NFT.swift in Sources */ = {isa = PBXBuildFile; fileRef = B773049F2892EABF00F0F3F5 /* NFT.swift */; };
		B77304A22892EF1000F0F3F5 /* ShoppingCart.swift in Sources */ = {isa = PBXBuildFile; fileRef = B77304A12892EF1000F0F3F5 /* ShoppingCart.swift */; };
		B7C06F5E28A42F9D00F50070 /* Infrastructure.h in Headers */ = {isa = PBXBuildFile; fileRef = B7C06F5D28A42F9D00F50070 /* Infrastructure.h */; settings = {ATTRIBUTES = (Public, ); }; };
/* End PBXBuildFile section */

/* Begin PBXCopyFilesBuildPhase section */
		B75BBE87289D756E0008E9A1 /* Embed Frameworks */ = {
			isa = PBXCopyFilesBuildPhase;
			buildActionMask = 2147483647;
			dstPath = "";
			dstSubfolderSpec = 10;
			files = (
			);
			name = "Embed Frameworks";
			runOnlyForDeploymentPostprocessing = 0;
		};
/* End PBXCopyFilesBuildPhase section */

/* Begin PBXFileReference section */
		B729931528945E4B00EB3EC0 /* LoginUseCase.swift */ = {isa = PBXFileReference; lastKnownFileType = sourcecode.swift; path = LoginUseCase.swift; sourceTree = "<group>"; };
		B7299317289461FC00EB3EC0 /* ListProductsUseCase.swift */ = {isa = PBXFileReference; lastKnownFileType = sourcecode.swift; path = ListProductsUseCase.swift; sourceTree = "<group>"; };
		B72993192894637900EB3EC0 /* AddToCartUseCase.swift */ = {isa = PBXFileReference; lastKnownFileType = sourcecode.swift; path = AddToCartUseCase.swift; sourceTree = "<group>"; };
		B77304922892DFA000F0F3F5 /* Domain.framework */ = {isa = PBXFileReference; explicitFileType = wrapper.framework; includeInIndex = 0; path = Domain.framework; sourceTree = BUILT_PRODUCTS_DIR; };
		B77304992892E40D00F0F3F5 /* User.swift */ = {isa = PBXFileReference; lastKnownFileType = sourcecode.swift; path = User.swift; sourceTree = "<group>"; };
		B773049B2892E77F00F0F3F5 /* Customer.swift */ = {isa = PBXFileReference; lastKnownFileType = sourcecode.swift; path = Customer.swift; sourceTree = "<group>"; };
		B773049D2892E9D300F0F3F5 /* Product.swift */ = {isa = PBXFileReference; lastKnownFileType = sourcecode.swift; path = Product.swift; sourceTree = "<group>"; };
		B773049F2892EABF00F0F3F5 /* NFT.swift */ = {isa = PBXFileReference; lastKnownFileType = sourcecode.swift; path = NFT.swift; sourceTree = "<group>"; };
		B77304A12892EF1000F0F3F5 /* ShoppingCart.swift */ = {isa = PBXFileReference; lastKnownFileType = sourcecode.swift; path = ShoppingCart.swift; sourceTree = "<group>"; };
		B7C06F5B28A42F9D00F50070 /* Infrastructure.framework */ = {isa = PBXFileReference; explicitFileType = wrapper.framework; includeInIndex = 0; path = Infrastructure.framework; sourceTree = BUILT_PRODUCTS_DIR; };
		B7C06F5D28A42F9D00F50070 /* Infrastructure.h */ = {isa = PBXFileReference; lastKnownFileType = sourcecode.c.h; path = Infrastructure.h; sourceTree = "<group>"; };
/* End PBXFileReference section */

/* Begin PBXFrameworksBuildPhase section */
		B773048F2892DFA000F0F3F5 /* Frameworks */ = {
			isa = PBXFrameworksBuildPhase;
			buildActionMask = 2147483647;
			files = (
			);
			runOnlyForDeploymentPostprocessing = 0;
		};
		B7C06F5828A42F9D00F50070 /* Frameworks */ = {
			isa = PBXFrameworksBuildPhase;
			buildActionMask = 2147483647;
			files = (
			);
			runOnlyForDeploymentPostprocessing = 0;
		};
/* End PBXFrameworksBuildPhase section */

/* Begin PBXGroup section */
		B729931328945DBB00EB3EC0 /* Entities */ = {
			isa = PBXGroup;
			children = (
				B77304992892E40D00F0F3F5 /* User.swift */,
				B773049B2892E77F00F0F3F5 /* Customer.swift */,
				B773049D2892E9D300F0F3F5 /* Product.swift */,
				B773049F2892EABF00F0F3F5 /* NFT.swift */,
				B77304A12892EF1000F0F3F5 /* ShoppingCart.swift */,
			);
			path = Entities;
			sourceTree = "<group>";
		};
		B729931428945DC500EB3EC0 /* UseCases */ = {
			isa = PBXGroup;
			children = (
				B729931528945E4B00EB3EC0 /* LoginUseCase.swift */,
				B7299317289461FC00EB3EC0 /* ListProductsUseCase.swift */,
				B72993192894637900EB3EC0 /* AddToCartUseCase.swift */,
			);
			path = UseCases;
			sourceTree = "<group>";
		};
		B75BBE82289D756E0008E9A1 /* Frameworks */ = {
			isa = PBXGroup;
			children = (
			);
			name = Frameworks;
			sourceTree = "<group>";
		};
		B77304792892DE0000F0F3F5 = {
			isa = PBXGroup;
			children = (
				B77304932892DFA000F0F3F5 /* Domain */,
				B7C06F5C28A42F9D00F50070 /* Infrastructure */,
				B77304842892DE0000F0F3F5 /* Products */,
				B75BBE82289D756E0008E9A1 /* Frameworks */,
			);
			sourceTree = "<group>";
		};
		B77304842892DE0000F0F3F5 /* Products */ = {
			isa = PBXGroup;
			children = (
				B77304922892DFA000F0F3F5 /* Domain.framework */,
				B7C06F5B28A42F9D00F50070 /* Infrastructure.framework */,
			);
			name = Products;
			sourceTree = "<group>";
		};
		B77304932892DFA000F0F3F5 /* Domain */ = {
			isa = PBXGroup;
			children = (
				B729931328945DBB00EB3EC0 /* Entities */,
				B729931428945DC500EB3EC0 /* UseCases */,
			);
			path = Domain;
			sourceTree = "<group>";
		};
		B7C06F5C28A42F9D00F50070 /* Infrastructure */ = {
			isa = PBXGroup;
			children = (
				B7C06F5D28A42F9D00F50070 /* Infrastructure.h */,
			);
			path = Infrastructure;
			sourceTree = "<group>";
		};
/* End PBXGroup section */

/* Begin PBXHeadersBuildPhase section */
		B773048D2892DFA000F0F3F5 /* Headers */ = {
			isa = PBXHeadersBuildPhase;
			buildActionMask = 2147483647;
			files = (
			);
			runOnlyForDeploymentPostprocessing = 0;
		};
		B7C06F5628A42F9D00F50070 /* Headers */ = {
			isa = PBXHeadersBuildPhase;
			buildActionMask = 2147483647;
			files = (
				B7C06F5E28A42F9D00F50070 /* Infrastructure.h in Headers */,
			);
			runOnlyForDeploymentPostprocessing = 0;
		};
/* End PBXHeadersBuildPhase section */

/* Begin PBXNativeTarget section */
		B77304912892DFA000F0F3F5 /* Domain */ = {
			isa = PBXNativeTarget;
			buildConfigurationList = B77304962892DFA000F0F3F5 /* Build configuration list for PBXNativeTarget "Domain" */;
			buildPhases = (
				B773048D2892DFA000F0F3F5 /* Headers */,
				B773048E2892DFA000F0F3F5 /* Sources */,
				B773048F2892DFA000F0F3F5 /* Frameworks */,
				B77304902892DFA000F0F3F5 /* Resources */,
				B75BBE87289D756E0008E9A1 /* Embed Frameworks */,
			);
			buildRules = (
			);
			dependencies = (
			);
			name = Domain;
			productName = Domain;
			productReference = B77304922892DFA000F0F3F5 /* Domain.framework */;
			productType = "com.apple.product-type.framework";
		};
		B7C06F5A28A42F9D00F50070 /* Infrastructure */ = {
			isa = PBXNativeTarget;
			buildConfigurationList = B7C06F5F28A42F9D00F50070 /* Build configuration list for PBXNativeTarget "Infrastructure" */;
			buildPhases = (
				B7C06F5628A42F9D00F50070 /* Headers */,
				B7C06F5728A42F9D00F50070 /* Sources */,
				B7C06F5828A42F9D00F50070 /* Frameworks */,
				B7C06F5928A42F9D00F50070 /* Resources */,
			);
			buildRules = (
			);
			dependencies = (
			);
			name = Infrastructure;
			productName = Infrastructure;
			productReference = B7C06F5B28A42F9D00F50070 /* Infrastructure.framework */;
			productType = "com.apple.product-type.framework";
		};
/* End PBXNativeTarget section */

/* Begin PBXProject section */
		B773047A2892DE0000F0F3F5 /* Project object */ = {
			isa = PBXProject;
			attributes = {
				BuildIndependentTargetsInParallel = 1;
				LastSwiftUpdateCheck = 1340;
				LastUpgradeCheck = 1340;
				TargetAttributes = {
					B77304912892DFA000F0F3F5 = {
						CreatedOnToolsVersion = 13.4.1;
						LastSwiftMigration = 1340;
					};
					B7C06F5A28A42F9D00F50070 = {
						CreatedOnToolsVersion = 13.4.1;
					};
				};
			};
			buildConfigurationList = B773047D2892DE0000F0F3F5 /* Build configuration list for PBXProject "BuyNFTs" */;
			compatibilityVersion = "Xcode 13.0";
			developmentRegion = en;
			hasScannedForEncodings = 0;
			knownRegions = (
				en,
				Base,
			);
			mainGroup = B77304792892DE0000F0F3F5;
			productRefGroup = B77304842892DE0000F0F3F5 /* Products */;
			projectDirPath = "";
			projectRoot = "";
			targets = (
				B77304912892DFA000F0F3F5 /* Domain */,
				B7C06F5A28A42F9D00F50070 /* Infrastructure */,
			);
		};
/* End PBXProject section */

/* Begin PBXResourcesBuildPhase section */
		B77304902892DFA000F0F3F5 /* Resources */ = {
			isa = PBXResourcesBuildPhase;
			buildActionMask = 2147483647;
			files = (
			);
			runOnlyForDeploymentPostprocessing = 0;
		};
		B7C06F5928A42F9D00F50070 /* Resources */ = {
			isa = PBXResourcesBuildPhase;
			buildActionMask = 2147483647;
			files = (
			);
			runOnlyForDeploymentPostprocessing = 0;
		};
/* End PBXResourcesBuildPhase section */

/* Begin PBXSourcesBuildPhase section */
		B773048E2892DFA000F0F3F5 /* Sources */ = {
			isa = PBXSourcesBuildPhase;
			buildActionMask = 2147483647;
			files = (
				B729931A2894637900EB3EC0 /* AddToCartUseCase.swift in Sources */,
				B77304A22892EF1000F0F3F5 /* ShoppingCart.swift in Sources */,
				B77304A02892EABF00F0F3F5 /* NFT.swift in Sources */,
				B773049A2892E40D00F0F3F5 /* User.swift in Sources */,
				B7299318289461FC00EB3EC0 /* ListProductsUseCase.swift in Sources */,
				B729931628945E4B00EB3EC0 /* LoginUseCase.swift in Sources */,
				B773049C2892E77F00F0F3F5 /* Customer.swift in Sources */,
				B773049E2892E9D300F0F3F5 /* Product.swift in Sources */,
			);
			runOnlyForDeploymentPostprocessing = 0;
		};
		B7C06F5728A42F9D00F50070 /* Sources */ = {
			isa = PBXSourcesBuildPhase;
			buildActionMask = 2147483647;
			files = (
			);
			runOnlyForDeploymentPostprocessing = 0;
		};
/* End PBXSourcesBuildPhase section */

/* Begin XCBuildConfiguration section */
		B77304882892DE0000F0F3F5 /* Debug */ = {
			isa = XCBuildConfiguration;
			buildSettings = {
				ALWAYS_SEARCH_USER_PATHS = NO;
				CLANG_ANALYZER_NONNULL = YES;
				CLANG_ANALYZER_NUMBER_OBJECT_CONVERSION = YES_AGGRESSIVE;
				CLANG_CXX_LANGUAGE_STANDARD = "gnu++17";
				CLANG_ENABLE_MODULES = YES;
				CLANG_ENABLE_OBJC_ARC = YES;
				CLANG_ENABLE_OBJC_WEAK = YES;
				CLANG_WARN_BLOCK_CAPTURE_AUTORELEASING = YES;
				CLANG_WARN_BOOL_CONVERSION = YES;
				CLANG_WARN_COMMA = YES;
				CLANG_WARN_CONSTANT_CONVERSION = YES;
				CLANG_WARN_DEPRECATED_OBJC_IMPLEMENTATIONS = YES;
				CLANG_WARN_DIRECT_OBJC_ISA_USAGE = YES_ERROR;
				CLANG_WARN_DOCUMENTATION_COMMENTS = YES;
				CLANG_WARN_EMPTY_BODY = YES;
				CLANG_WARN_ENUM_CONVERSION = YES;
				CLANG_WARN_INFINITE_RECURSION = YES;
				CLANG_WARN_INT_CONVERSION = YES;
				CLANG_WARN_NON_LITERAL_NULL_CONVERSION = YES;
				CLANG_WARN_OBJC_IMPLICIT_RETAIN_SELF = YES;
				CLANG_WARN_OBJC_LITERAL_CONVERSION = YES;
				CLANG_WARN_OBJC_ROOT_CLASS = YES_ERROR;
				CLANG_WARN_QUOTED_INCLUDE_IN_FRAMEWORK_HEADER = YES;
				CLANG_WARN_RANGE_LOOP_ANALYSIS = YES;
				CLANG_WARN_STRICT_PROTOTYPES = YES;
				CLANG_WARN_SUSPICIOUS_MOVE = YES;
				CLANG_WARN_UNGUARDED_AVAILABILITY = YES_AGGRESSIVE;
				CLANG_WARN_UNREACHABLE_CODE = YES;
				CLANG_WARN__DUPLICATE_METHOD_MATCH = YES;
				COPY_PHASE_STRIP = NO;
				CURRENT_PROJECT_VERSION = 1;
				DEBUG_INFORMATION_FORMAT = dwarf;
				ENABLE_STRICT_OBJC_MSGSEND = YES;
				ENABLE_TESTABILITY = YES;
				GCC_C_LANGUAGE_STANDARD = gnu11;
				GCC_DYNAMIC_NO_PIC = NO;
				GCC_NO_COMMON_BLOCKS = YES;
				GCC_OPTIMIZATION_LEVEL = 0;
				GCC_PREPROCESSOR_DEFINITIONS = (
					"DEBUG=1",
					"$(inherited)",
				);
				GCC_WARN_64_TO_32_BIT_CONVERSION = YES;
				GCC_WARN_ABOUT_RETURN_TYPE = YES_ERROR;
				GCC_WARN_UNDECLARED_SELECTOR = YES;
				GCC_WARN_UNINITIALIZED_AUTOS = YES_AGGRESSIVE;
				GCC_WARN_UNUSED_FUNCTION = YES;
				GCC_WARN_UNUSED_VARIABLE = YES;
				IPHONEOS_DEPLOYMENT_TARGET = 15.5;
				MTL_ENABLE_DEBUG_INFO = INCLUDE_SOURCE;
				MTL_FAST_MATH = YES;
				ONLY_ACTIVE_ARCH = YES;
				SDKROOT = iphoneos;
				SWIFT_ACTIVE_COMPILATION_CONDITIONS = DEBUG;
				SWIFT_OPTIMIZATION_LEVEL = "-Onone";
				VERSIONING_SYSTEM = "apple-generic";
				VERSION_INFO_PREFIX = "";
			};
			name = Debug;
		};
		B77304892892DE0000F0F3F5 /* Release */ = {
			isa = XCBuildConfiguration;
			buildSettings = {
				ALWAYS_SEARCH_USER_PATHS = NO;
				CLANG_ANALYZER_NONNULL = YES;
				CLANG_ANALYZER_NUMBER_OBJECT_CONVERSION = YES_AGGRESSIVE;
				CLANG_CXX_LANGUAGE_STANDARD = "gnu++17";
				CLANG_ENABLE_MODULES = YES;
				CLANG_ENABLE_OBJC_ARC = YES;
				CLANG_ENABLE_OBJC_WEAK = YES;
				CLANG_WARN_BLOCK_CAPTURE_AUTORELEASING = YES;
				CLANG_WARN_BOOL_CONVERSION = YES;
				CLANG_WARN_COMMA = YES;
				CLANG_WARN_CONSTANT_CONVERSION = YES;
				CLANG_WARN_DEPRECATED_OBJC_IMPLEMENTATIONS = YES;
				CLANG_WARN_DIRECT_OBJC_ISA_USAGE = YES_ERROR;
				CLANG_WARN_DOCUMENTATION_COMMENTS = YES;
				CLANG_WARN_EMPTY_BODY = YES;
				CLANG_WARN_ENUM_CONVERSION = YES;
				CLANG_WARN_INFINITE_RECURSION = YES;
				CLANG_WARN_INT_CONVERSION = YES;
				CLANG_WARN_NON_LITERAL_NULL_CONVERSION = YES;
				CLANG_WARN_OBJC_IMPLICIT_RETAIN_SELF = YES;
				CLANG_WARN_OBJC_LITERAL_CONVERSION = YES;
				CLANG_WARN_OBJC_ROOT_CLASS = YES_ERROR;
				CLANG_WARN_QUOTED_INCLUDE_IN_FRAMEWORK_HEADER = YES;
				CLANG_WARN_RANGE_LOOP_ANALYSIS = YES;
				CLANG_WARN_STRICT_PROTOTYPES = YES;
				CLANG_WARN_SUSPICIOUS_MOVE = YES;
				CLANG_WARN_UNGUARDED_AVAILABILITY = YES_AGGRESSIVE;
				CLANG_WARN_UNREACHABLE_CODE = YES;
				CLANG_WARN__DUPLICATE_METHOD_MATCH = YES;
				COPY_PHASE_STRIP = NO;
				CURRENT_PROJECT_VERSION = 1;
				DEBUG_INFORMATION_FORMAT = "dwarf-with-dsym";
				ENABLE_NS_ASSERTIONS = NO;
				ENABLE_STRICT_OBJC_MSGSEND = YES;
				GCC_C_LANGUAGE_STANDARD = gnu11;
				GCC_NO_COMMON_BLOCKS = YES;
				GCC_WARN_64_TO_32_BIT_CONVERSION = YES;
				GCC_WARN_ABOUT_RETURN_TYPE = YES_ERROR;
				GCC_WARN_UNDECLARED_SELECTOR = YES;
				GCC_WARN_UNINITIALIZED_AUTOS = YES_AGGRESSIVE;
				GCC_WARN_UNUSED_FUNCTION = YES;
				GCC_WARN_UNUSED_VARIABLE = YES;
				IPHONEOS_DEPLOYMENT_TARGET = 15.5;
				MTL_ENABLE_DEBUG_INFO = NO;
				MTL_FAST_MATH = YES;
				SDKROOT = iphoneos;
				SWIFT_COMPILATION_MODE = wholemodule;
				SWIFT_OPTIMIZATION_LEVEL = "-O";
				VALIDATE_PRODUCT = YES;
				VERSIONING_SYSTEM = "apple-generic";
				VERSION_INFO_PREFIX = "";
			};
			name = Release;
		};
		B77304972892DFA000F0F3F5 /* Debug */ = {
			isa = XCBuildConfiguration;
			buildSettings = {
				CLANG_ENABLE_MODULES = YES;
				CODE_SIGN_STYLE = Automatic;
				COMBINE_HIDPI_IMAGES = YES;
				CURRENT_PROJECT_VERSION = 1;
				DEFINES_MODULE = YES;
				DEVELOPMENT_TEAM = RHBH6Q62PG;
				DYLIB_COMPATIBILITY_VERSION = 1;
				DYLIB_CURRENT_VERSION = 1;
				DYLIB_INSTALL_NAME_BASE = "@rpath";
				GENERATE_INFOPLIST_FILE = YES;
				INFOPLIST_KEY_NSHumanReadableCopyright = "";
				INSTALL_PATH = "$(LOCAL_LIBRARY_DIR)/Frameworks";
				LD_RUNPATH_SEARCH_PATHS = (
					"$(inherited)",
					"@executable_path/../Frameworks",
					"@loader_path/Frameworks",
				);
				MACOSX_DEPLOYMENT_TARGET = 12.3;
				MARKETING_VERSION = 1.0;
				PRODUCT_BUNDLE_IDENTIFIER = gusta.Domain;
				PRODUCT_NAME = "$(TARGET_NAME:c99extidentifier)";
				SDKROOT = macosx;
				SKIP_INSTALL = YES;
				SWIFT_EMIT_LOC_STRINGS = YES;
				SWIFT_OPTIMIZATION_LEVEL = "-Onone";
				SWIFT_VERSION = 5.0;
			};
			name = Debug;
		};
		B77304982892DFA000F0F3F5 /* Release */ = {
			isa = XCBuildConfiguration;
			buildSettings = {
				CLANG_ENABLE_MODULES = YES;
				CODE_SIGN_STYLE = Automatic;
				COMBINE_HIDPI_IMAGES = YES;
				CURRENT_PROJECT_VERSION = 1;
				DEFINES_MODULE = YES;
				DEVELOPMENT_TEAM = RHBH6Q62PG;
				DYLIB_COMPATIBILITY_VERSION = 1;
				DYLIB_CURRENT_VERSION = 1;
				DYLIB_INSTALL_NAME_BASE = "@rpath";
				GENERATE_INFOPLIST_FILE = YES;
				INFOPLIST_KEY_NSHumanReadableCopyright = "";
				INSTALL_PATH = "$(LOCAL_LIBRARY_DIR)/Frameworks";
				LD_RUNPATH_SEARCH_PATHS = (
					"$(inherited)",
					"@executable_path/../Frameworks",
					"@loader_path/Frameworks",
				);
				MACOSX_DEPLOYMENT_TARGET = 12.3;
				MARKETING_VERSION = 1.0;
				PRODUCT_BUNDLE_IDENTIFIER = gusta.Domain;
				PRODUCT_NAME = "$(TARGET_NAME:c99extidentifier)";
				SDKROOT = macosx;
				SKIP_INSTALL = YES;
				SWIFT_EMIT_LOC_STRINGS = YES;
				SWIFT_VERSION = 5.0;
			};
			name = Release;
		};
		B7C06F6028A42F9D00F50070 /* Debug */ = {
			isa = XCBuildConfiguration;
			buildSettings = {
				CODE_SIGN_STYLE = Automatic;
				COMBINE_HIDPI_IMAGES = YES;
				CURRENT_PROJECT_VERSION = 1;
				DEFINES_MODULE = YES;
				DEVELOPMENT_TEAM = RHBH6Q62PG;
				DYLIB_COMPATIBILITY_VERSION = 1;
				DYLIB_CURRENT_VERSION = 1;
				DYLIB_INSTALL_NAME_BASE = "@rpath";
				GENERATE_INFOPLIST_FILE = YES;
				INFOPLIST_KEY_NSHumanReadableCopyright = "";
				INSTALL_PATH = "$(LOCAL_LIBRARY_DIR)/Frameworks";
				LD_RUNPATH_SEARCH_PATHS = (
					"$(inherited)",
					"@executable_path/../Frameworks",
					"@loader_path/Frameworks",
				);
				MACOSX_DEPLOYMENT_TARGET = 12.3;
				MARKETING_VERSION = 1.0;
				PRODUCT_BUNDLE_IDENTIFIER = gusta.Infrastructure;
				PRODUCT_NAME = "$(TARGET_NAME:c99extidentifier)";
				SDKROOT = macosx;
				SKIP_INSTALL = YES;
				SWIFT_EMIT_LOC_STRINGS = YES;
				SWIFT_VERSION = 5.0;
			};
			name = Debug;
		};
		B7C06F6128A42F9D00F50070 /* Release */ = {
			isa = XCBuildConfiguration;
			buildSettings = {
				CODE_SIGN_STYLE = Automatic;
				COMBINE_HIDPI_IMAGES = YES;
				CURRENT_PROJECT_VERSION = 1;
				DEFINES_MODULE = YES;
				DEVELOPMENT_TEAM = RHBH6Q62PG;
				DYLIB_COMPATIBILITY_VERSION = 1;
				DYLIB_CURRENT_VERSION = 1;
				DYLIB_INSTALL_NAME_BASE = "@rpath";
				GENERATE_INFOPLIST_FILE = YES;
				INFOPLIST_KEY_NSHumanReadableCopyright = "";
				INSTALL_PATH = "$(LOCAL_LIBRARY_DIR)/Frameworks";
				LD_RUNPATH_SEARCH_PATHS = (
					"$(inherited)",
					"@executable_path/../Frameworks",
					"@loader_path/Frameworks",
				);
				MACOSX_DEPLOYMENT_TARGET = 12.3;
				MARKETING_VERSION = 1.0;
				PRODUCT_BUNDLE_IDENTIFIER = gusta.Infrastructure;
				PRODUCT_NAME = "$(TARGET_NAME:c99extidentifier)";
				SDKROOT = macosx;
				SKIP_INSTALL = YES;
				SWIFT_EMIT_LOC_STRINGS = YES;
				SWIFT_VERSION = 5.0;
			};
			name = Release;
		};
/* End XCBuildConfiguration section */

/* Begin XCConfigurationList section */
		B773047D2892DE0000F0F3F5 /* Build configuration list for PBXProject "BuyNFTs" */ = {
			isa = XCConfigurationList;
			buildConfigurations = (
				B77304882892DE0000F0F3F5 /* Debug */,
				B77304892892DE0000F0F3F5 /* Release */,
			);
			defaultConfigurationIsVisible = 0;
			defaultConfigurationName = Release;
		};
		B77304962892DFA000F0F3F5 /* Build configuration list for PBXNativeTarget "Domain" */ = {
			isa = XCConfigurationList;
			buildConfigurations = (
				B77304972892DFA000F0F3F5 /* Debug */,
				B77304982892DFA000F0F3F5 /* Release */,
			);
			defaultConfigurationIsVisible = 0;
			defaultConfigurationName = Release;
		};
		B7C06F5F28A42F9D00F50070 /* Build configuration list for PBXNativeTarget "Infrastructure" */ = {
			isa = XCConfigurationList;
			buildConfigurations = (
				B7C06F6028A42F9D00F50070 /* Debug */,
				B7C06F6128A42F9D00F50070 /* Release */,
			);
			defaultConfigurationIsVisible = 0;
			defaultConfigurationName = Release;
		};
/* End XCConfigurationList section */
	};
	rootObject = B773047A2892DE0000F0F3F5 /* Project object */;
}
